{
  "name": "isodate-service",
  "version": "1.0.0",
  "lockfileVersion": 1,
  "requires": true,
  "dependencies": {
    "hapi": {
      "version": "15.2.0",
      "resolved": "https://registry.npmjs.org/hapi/-/hapi-15.2.0.tgz",
      "integrity": "sha1-VwTKLAS2OGwDyvnukB8d4IAxbSM=",
      "requires": {
        "accept": "2.1.2",
        "ammo": "2.0.2",
        "boom": "4.0.0",
        "call": "3.0.3",
        "catbox": "7.1.2",
        "catbox-memory": "2.0.3",
        "cryptiles": "3.0.2",
        "heavy": "4.0.2",
        "hoek": "4.0.2",
        "iron": "4.0.3",
        "items": "2.1.1",
        "joi": "9.0.4",
        "mimos": "3.0.3",
        "podium": "1.2.3",
        "shot": "3.3.2",
        "statehood": "5.0.0",
        "subtext": "4.3.0",
        "topo": "2.0.2"
      },
      "dependencies": {
        "accept": {
          "version": "2.1.2",
          "resolved": "https://registry.npmjs.org/accept/-/accept-2.1.2.tgz",
          "integrity": "sha1-VRh07Y8saLJwe/8qsl/hNT5GHWs=",
          "requires": {
            "boom": "4.0.0",
            "hoek": "4.0.2"
          }
        },
        "ammo": {
          "version": "2.0.2",
          "resolved": "https://registry.npmjs.org/ammo/-/ammo-2.0.2.tgz",
          "integrity": "sha1-NmxV97xPLyQhjtOk3UuN8TXC5so=",
          "requires": {
            "boom": "4.0.0",
            "hoek": "4.0.2"
          }
        },
        "boom": {
          "version": "4.0.0",
          "resolved": "https://registry.npmjs.org/boom/-/boom-4.0.0.tgz",
          "integrity": "sha1-fllGkmTq3bdP7fvBsWUk1pppRXc=",
          "requires": {
            "hoek": "4.0.2"
          }
        },
        "call": {
          "version": "3.0.3",
          "resolved": "https://registry.npmjs.org/call/-/call-3.0.3.tgz",
          "integrity": "sha1-5HSN27t/Qa5AzuBV+LJwtzO/fI0=",
          "requires": {
            "boom": "4.0.0",
            "hoek": "4.0.2"
          }
        },
        "catbox": {
          "version": "7.1.2",
          "resolved": "https://registry.npmjs.org/catbox/-/catbox-7.1.2.tgz",
          "integrity": "sha1-RnIbHJmWdRP9e36UUXBqBe3+1a0=",
          "requires": {
            "boom": "4.0.0",
            "hoek": "4.0.2",
            "joi": "9.0.4"
          }
        },
        "catbox-memory": {
          "version": "2.0.3",
          "resolved": "https://registry.npmjs.org/catbox-memory/-/catbox-memory-2.0.3.tgz",
          "integrity": "sha1-36qcFj+tND2a3W18H9x7Qps2nDg=",
          "requires": {
            "hoek": "4.0.2"
          }
        },
        "cryptiles": {
          "version": "3.0.2",
          "resolved": "https://registry.npmjs.org/cryptiles/-/cryptiles-3.0.2.tgz",
          "integrity": "sha1-7M30qFuHVPFdC1Mg1Kt41A0PokQ=",
          "requires": {
            "boom": "4.0.0"
          }
        },
        "heavy": {
          "version": "4.0.2",
          "resolved": "https://registry.npmjs.org/heavy/-/heavy-4.0.2.tgz",
          "integrity": "sha1-27Zs2l8BellPxsgwHfaZnqjVM/A=",
          "requires": {
            "boom": "4.0.0",
            "hoek": "4.0.2",
            "joi": "9.0.4"
          }
        },
        "hoek": {
          "version": "4.0.2",
          "resolved": "https://registry.npmjs.org/hoek/-/hoek-4.0.2.tgz",
          "integrity": "sha1-e5afTIoa+KOMosZmxmv6bEL+LN0="
        },
        "iron": {
          "version": "4.0.3",
          "resolved": "https://registry.npmjs.org/iron/-/iron-4.0.3.tgz",
          "integrity": "sha1-DA0yUmYdihxhS+2e07B32A6g/Xg=",
          "requires": {
            "boom": "4.0.0",
            "cryptiles": "3.0.2",
            "hoek": "4.0.2"
          }
        },
        "items": {
          "version": "2.1.1",
          "resolved": "https://registry.npmjs.org/items/-/items-2.1.1.tgz",
          "integrity": "sha1-i9FtnIOxlSneWuoyGsqtp4NkoZg="
        },
        "joi": {
          "version": "9.0.4",
          "resolved": "https://registry.npmjs.org/joi/-/joi-9.0.4.tgz",
          "integrity": "sha1-iNZIkJFavrEnzXVwJxFtUN8+aN8=",
          "requires": {
            "hoek": "4.0.2",
            "isemail": "2.2.1",
            "items": "2.1.1",
            "moment": "2.14.1",
            "topo": "2.0.2"
          },
          "dependencies": {
            "isemail": {
              "version": "2.2.1",
              "resolved": "https://registry.npmjs.org/isemail/-/isemail-2.2.1.tgz",
              "integrity": "sha1-A1PT2aYpUQgMJiwqoKQrjqjp4qY="
            },
            "moment": {
              "version": "2.14.1",
              "resolved": "https://registry.npmjs.org/moment/-/moment-2.14.1.tgz",
              "integrity": "sha1-s1snxH5X7S3ccAU9awe+zbKRdBw="
            }
          }
        },
        "mimos": {
          "version": "3.0.3",
          "resolved": "https://registry.npmjs.org/mimos/-/mimos-3.0.3.tgz",
          "integrity": "sha1-uRCQcq03jCty9qAQHEPd+ys2ZB8=",
          "requires": {
            "hoek": "4.0.2",
            "mime-db": "1.23.0"
          },
          "dependencies": {
            "mime-db": {
              "version": "1.23.0",
              "resolved": "https://registry.npmjs.org/mime-db/-/mime-db-1.23.0.tgz",
              "integrity": "sha1-oxtAcK2uon1zLqMzdApk0OyaZlk="
            }
          }
        },
        "podium": {
          "version": "1.2.3",
          "resolved": "https://registry.npmjs.org/podium/-/podium-1.2.3.tgz",
          "integrity": "sha1-XJW3zC9ch90yTgrUqTY6xi1ms3E=",
          "requires": {
            "hoek": "4.0.2",
            "items": "2.1.1",
            "joi": "9.0.4"
          }
        },
        "shot": {
          "version": "3.3.2",
          "resolved": "https://registry.npmjs.org/shot/-/shot-3.3.2.tgz",
          "integrity": "sha1-aRwmEXWd7MIEh7INJcwpnznl+bc=",
          "requires": {
            "hoek": "4.0.2",
            "joi": "9.0.4"
          }
        },
        "statehood": {
          "version": "5.0.0",
          "resolved": "https://registry.npmjs.org/statehood/-/statehood-5.0.0.tgz",
          "integrity": "sha1-ziKFqr6uOYrofLunRhhLdZm4+jE=",
          "requires": {
            "boom": "4.0.0",
            "cryptiles": "3.0.2",
            "hoek": "4.0.2",
            "iron": "4.0.3",
            "items": "2.1.1",
            "joi": "9.0.4"
          }
        },
        "subtext": {
          "version": "4.3.0",
          "resolved": "https://registry.npmjs.org/subtext/-/subtext-4.3.0.tgz",
          "integrity": "sha1-36yQSS7DVmn9bgDG5dk4sG18z7s=",
          "requires": {
            "boom": "4.0.0",
            "content": "3.0.2",
            "hoek": "4.0.2",
            "pez": "2.1.2",
            "wreck": "10.0.0"
          },
          "dependencies": {
            "content": {
              "version": "3.0.2",
              "resolved": "https://registry.npmjs.org/content/-/content-3.0.2.tgz",
              "integrity": "sha1-8di0w6uyHqTA4hc/Q6wCKaTtbRw=",
              "requires": {
                "boom": "4.0.0"
              }
            },
            "pez": {
              "version": "2.1.2",
              "resolved": "https://registry.npmjs.org/pez/-/pez-2.1.2.tgz",
              "integrity": "sha1-0dEjcXkqVYluI+IeUJxAle0IHbI=",
              "requires": {
                "b64": "3.0.2",
                "boom": "4.0.0",
                "content": "3.0.2",
                "hoek": "4.0.2",
                "nigel": "2.0.2"
              },
              "dependencies": {
                "b64": {
                  "version": "3.0.2",
                  "resolved": "https://registry.npmjs.org/b64/-/b64-3.0.2.tgz",
                  "integrity": "sha1-ep1gRmrfe43hFMvfZRpf38yQiU0="
                },
                "nigel": {
                  "version": "2.0.2",
                  "resolved": "https://registry.npmjs.org/nigel/-/nigel-2.0.2.tgz",
                  "integrity": "sha1-k6GGb7DFLYc5CqdeKxYfS1x15bE=",
                  "requires": {
                    "hoek": "4.0.2",
                    "vise": "2.0.2"
                  },
                  "dependencies": {
                    "vise": {
                      "version": "2.0.2",
                      "resolved": "https://registry.npmjs.org/vise/-/vise-2.0.2.tgz",
                      "integrity": "sha1-awjo+0y3bjpQzW3Q7DczjoEaDTk=",
                      "requires": {
                        "hoek": "4.0.2"
                      }
                    }
                  }
                }
              }
            },
            "wreck": {
              "version": "10.0.0",
              "resolved": "https://registry.npmjs.org/wreck/-/wreck-10.0.0.tgz",
              "integrity": "sha1-mKuIL4XhalJjMlB/EB9aeEEWIng=",
              "requires": {
                "boom": "4.0.0",
                "hoek": "4.0.2"
              }
            }
          }
        },
        "topo": {
          "version": "2.0.2",
          "resolved": "https://registry.npmjs.org/topo/-/topo-2.0.2.tgz",
          "integrity": "sha1-zVYVdSU5BXwNwEkaYhw7xvvh0YI=",
          "requires": {
            "hoek": "4.0.2"
          }
        }
      }
    },
    "moment": {
      "version": "2.22.1",
      "resolved": "https://registry.npmjs.org/moment/-/moment-2.22.1.tgz",
      "integrity": "sha512-shJkRTSebXvsVqk56I+lkb2latjBs8I+pc2TzWc545y2iFnSjm7Wg0QMh+ZWcdSLQyGEau5jI8ocnmkyTgr9YQ=="
    }
  }
}
